
Microsoft Visual Studio Solution File, Format Version 12.00
Project("{F2A71F9B-5D33-465A-A702-920D77279786}") = "FsMemoization", "FsMemoization\FsMemoization.fsproj", "{BADA0446-A571-449C-AB2D-231E9DAA37F1}"
EndProject
Global
	GlobalSection(SolutionConfigurationPlatforms) = preSolution
		Debug|Any CPU = Debug|Any CPU
		Release|Any CPU = Release|Any CPU
	EndGlobalSection
	GlobalSection(ProjectConfigurationPlatforms) = postSolution
		{BADA0446-A571-449C-AB2D-231E9DAA37F1}.Debug|Any CPU.ActiveCfg = Debug|Any CPU
		{BADA0446-A571-449C-AB2D-231E9DAA37F1}.Debug|Any CPU.Build.0 = Debug|Any CPU
		{BADA0446-A571-449C-AB2D-231E9DAA37F1}.Release|Any CPU.ActiveCfg = Release|Any CPU
		{BADA0446-A571-449C-AB2D-231E9DAA37F1}.Release|Any CPU.Build.0 = Release|Any CPU
	EndGlobalSection
EndGlobal
